
Microsoft Visual Studio Solution File, Format Version 12.00
# Visual Studio Version 17
VisualStudioVersion = 17.8.34316.72
MinimumVisualStudioVersion = 10.0.40219.1
Project("{9A19103F-16F7-4668-BE54-9A1E7A4F7556}") = "AreaCalc", "AreaCalc\AreaCalc.csproj", "{EB61C16E-05CA-4C30-870F-D556E81363EF}"
EndProject
Project("{9A19103F-16F7-4668-BE54-9A1E7A4F7556}") = "LibUser", "LibUser\LibUser.csproj", "{2E242E5D-1338-4363-8D22-3D94BAA34A50}"
EndProject
Project("{9A19103F-16F7-4668-BE54-9A1E7A4F7556}") = "TestProject", "TestProject\TestProject.csproj", "{330FE8F4-A0E8-472D-83ED-F4FBB6769639}"
EndProject
Global
	GlobalSection(SolutionConfigurationPlatforms) = preSolution
		Debug|Any CPU = Debug|Any CPU
		Release|Any CPU = Release|Any CPU
	EndGlobalSection
	GlobalSection(ProjectConfigurationPlatforms) = postSolution
		{EB61C16E-05CA-4C30-870F-D556E81363EF}.Debug|Any CPU.ActiveCfg = Debug|Any CPU
		{EB61C16E-05CA-4C30-870F-D556E81363EF}.Debug|Any CPU.Build.0 = Debug|Any CPU
		{EB61C16E-05CA-4C30-870F-D556E81363EF}.Release|Any CPU.ActiveCfg = Release|Any CPU
		{EB61C16E-05CA-4C30-870F-D556E81363EF}.Release|Any CPU.Build.0 = Release|Any CPU
		{2E242E5D-1338-4363-8D22-3D94BAA34A50}.Debug|Any CPU.ActiveCfg = Debug|Any CPU
		{2E242E5D-1338-4363-8D22-3D94BAA34A50}.Debug|Any CPU.Build.0 = Debug|Any CPU
		{2E242E5D-1338-4363-8D22-3D94BAA34A50}.Release|Any CPU.ActiveCfg = Release|Any CPU
		{2E242E5D-1338-4363-8D22-3D94BAA34A50}.Release|Any CPU.Build.0 = Release|Any CPU
		{330FE8F4-A0E8-472D-83ED-F4FBB6769639}.Debug|Any CPU.ActiveCfg = Debug|Any CPU
		{330FE8F4-A0E8-472D-83ED-F4FBB6769639}.Debug|Any CPU.Build.0 = Debug|Any CPU
		{330FE8F4-A0E8-472D-83ED-F4FBB6769639}.Release|Any CPU.ActiveCfg = Release|Any CPU
		{330FE8F4-A0E8-472D-83ED-F4FBB6769639}.Release|Any CPU.Build.0 = Release|Any CPU
	EndGlobalSection
	GlobalSection(SolutionProperties) = preSolution
		HideSolutionNode = FALSE
	EndGlobalSection
	GlobalSection(ExtensibilityGlobals) = postSolution
		SolutionGuid = {D40E8CDC-8965-4B5D-B1AE-96B886050250}
	EndGlobalSection
EndGlobal
